
Microsoft Visual Studio Solution File, Format Version 12.00
# Visual Studio 15
Project("{FAE04EC0-301F-11D3-BF4B-00C04F79EFBC}") = "Algorithms", "Algorithms\Algorithms.csproj", "{AC72CEB9-1125-4AA6-9119-9FB801084E1B}"
EndProject
Global
	GlobalSection(SolutionConfigurationPlatforms) = preSolution
		Debug|Any CPU = Debug|Any CPU
		Release|Any CPU = Release|Any CPU
	EndGlobalSection
	GlobalSection(ProjectConfigurationPlatforms) = postSolution
		{AC72CEB9-1125-4AA6-9119-9FB801084E1B}.Debug|Any CPU.ActiveCfg = Debug|Any CPU
		{AC72CEB9-1125-4AA6-9119-9FB801084E1B}.Debug|Any CPU.Build.0 = Debug|Any CPU
		{AC72CEB9-1125-4AA6-9119-9FB801084E1B}.Release|Any CPU.ActiveCfg = Release|Any CPU
		{AC72CEB9-1125-4AA6-9119-9FB801084E1B}.Release|Any CPU.Build.0 = Release|Any CPU
	EndGlobalSection
EndGlobal
